// !$*UTF8*$!
{
	archiveVersion = 1;
	classes = {
	};
	objectVersion = 56;
	objects = {

/* Begin PBXBuildFile section */
		5551CA1C2B024AD400CC798B /* AppDelegate.swift in Sources */ = {isa = PBXBuildFile; fileRef = 5551CA1B2B024AD400CC798B /* AppDelegate.swift */; };
		5551CA1E2B024AD400CC798B /* SceneDelegate.swift in Sources */ = {isa = PBXBuildFile; fileRef = 5551CA1D2B024AD400CC798B /* SceneDelegate.swift */; };
		5551CA202B024AD400CC798B /* ViewController.swift in Sources */ = {isa = PBXBuildFile; fileRef = 5551CA1F2B024AD400CC798B /* ViewController.swift */; };
		5551CA232B024AD400CC798B /* Main.storyboard in Resources */ = {isa = PBXBuildFile; fileRef = 5551CA212B024AD400CC798B /* Main.storyboard */; };
		5551CA252B024AD400CC798B /* Assets.xcassets in Resources */ = {isa = PBXBuildFile; fileRef = 5551CA242B024AD400CC798B /* Assets.xcassets */; };
		5551CA282B024AD400CC798B /* LaunchScreen.storyboard in Resources */ = {isa = PBXBuildFile; fileRef = 5551CA262B024AD400CC798B /* LaunchScreen.storyboard */; };
		5551CA302B025A4B00CC798B /* ViewPresenter.swift in Sources */ = {isa = PBXBuildFile; fileRef = 5551CA2F2B025A4B00CC798B /* ViewPresenter.swift */; };
		5551CA322B02757300CC798B /* LoadingOverLayView.swift in Sources */ = {isa = PBXBuildFile; fileRef = 5551CA312B02757300CC798B /* LoadingOverLayView.swift */; };
		557D13052B0CE30100165BA5 /* GenericApi.swift in Sources */ = {isa = PBXBuildFile; fileRef = 557D13032B0CE30100165BA5 /* GenericApi.swift */; };
		557D13062B0CE30100165BA5 /* ApiError.swift in Sources */ = {isa = PBXBuildFile; fileRef = 557D13042B0CE30100165BA5 /* ApiError.swift */; };
		557D13082B0CE90A00165BA5 /* Client.swift in Sources */ = {isa = PBXBuildFile; fileRef = 557D13072B0CE90A00165BA5 /* Client.swift */; };
		557D130B2B0CEA7900165BA5 /* BinOrgModel.swift in Sources */ = {isa = PBXBuildFile; fileRef = 557D130A2B0CEA7900165BA5 /* BinOrgModel.swift */; };
		557D130D2B0CEC4B00165BA5 /* BinOrgApi.swift in Sources */ = {isa = PBXBuildFile; fileRef = 557D130C2B0CEC4B00165BA5 /* BinOrgApi.swift */; };
/* End PBXBuildFile section */

/* Begin PBXFileReference section */
		5551CA182B024AD400CC798B /* MVCSample.app */ = {isa = PBXFileReference; explicitFileType = wrapper.application; includeInIndex = 0; path = MVCSample.app; sourceTree = BUILT_PRODUCTS_DIR; };
		5551CA1B2B024AD400CC798B /* AppDelegate.swift */ = {isa = PBXFileReference; lastKnownFileType = sourcecode.swift; path = AppDelegate.swift; sourceTree = "<group>"; };
		5551CA1D2B024AD400CC798B /* SceneDelegate.swift */ = {isa = PBXFileReference; lastKnownFileType = sourcecode.swift; path = SceneDelegate.swift; sourceTree = "<group>"; };
		5551CA1F2B024AD400CC798B /* ViewController.swift */ = {isa = PBXFileReference; lastKnownFileType = sourcecode.swift; path = ViewController.swift; sourceTree = "<group>"; };
		5551CA222B024AD400CC798B /* Base */ = {isa = PBXFileReference; lastKnownFileType = file.storyboard; name = Base; path = Base.lproj/Main.storyboard; sourceTree = "<group>"; };
		5551CA242B024AD400CC798B /* Assets.xcassets */ = {isa = PBXFileReference; lastKnownFileType = folder.assetcatalog; path = Assets.xcassets; sourceTree = "<group>"; };
		5551CA272B024AD400CC798B /* Base */ = {isa = PBXFileReference; lastKnownFileType = file.storyboard; name = Base; path = Base.lproj/LaunchScreen.storyboard; sourceTree = "<group>"; };
		5551CA292B024AD400CC798B /* Info.plist */ = {isa = PBXFileReference; lastKnownFileType = text.plist.xml; path = Info.plist; sourceTree = "<group>"; };
		5551CA2F2B025A4B00CC798B /* ViewPresenter.swift */ = {isa = PBXFileReference; lastKnownFileType = sourcecode.swift; path = ViewPresenter.swift; sourceTree = "<group>"; };
		5551CA312B02757300CC798B /* LoadingOverLayView.swift */ = {isa = PBXFileReference; lastKnownFileType = sourcecode.swift; path = LoadingOverLayView.swift; sourceTree = "<group>"; };
		557D13032B0CE30100165BA5 /* GenericApi.swift */ = {isa = PBXFileReference; fileEncoding = 4; lastKnownFileType = sourcecode.swift; path = GenericApi.swift; sourceTree = "<group>"; };
		557D13042B0CE30100165BA5 /* ApiError.swift */ = {isa = PBXFileReference; fileEncoding = 4; lastKnownFileType = sourcecode.swift; path = ApiError.swift; sourceTree = "<group>"; };
		557D13072B0CE90A00165BA5 /* Client.swift */ = {isa = PBXFileReference; lastKnownFileType = sourcecode.swift; path = Client.swift; sourceTree = "<group>"; };
		557D130A2B0CEA7900165BA5 /* BinOrgModel.swift */ = {isa = PBXFileReference; lastKnownFileType = sourcecode.swift; path = BinOrgModel.swift; sourceTree = "<group>"; };
		557D130C2B0CEC4B00165BA5 /* BinOrgApi.swift */ = {isa = PBXFileReference; lastKnownFileType = sourcecode.swift; path = BinOrgApi.swift; sourceTree = "<group>"; };
/* End PBXFileReference section */

/* Begin PBXFrameworksBuildPhase section */
		5551CA152B024AD400CC798B /* Frameworks */ = {
			isa = PBXFrameworksBuildPhase;
			buildActionMask = 2147483647;
			files = (
			);
			runOnlyForDeploymentPostprocessing = 0;
		};
/* End PBXFrameworksBuildPhase section */

/* Begin PBXGroup section */
		5551CA0F2B024AD400CC798B = {
			isa = PBXGroup;
			children = (
				5551CA1A2B024AD400CC798B /* MVCSample */,
				5551CA192B024AD400CC798B /* Products */,
			);
			sourceTree = "<group>";
		};
		5551CA192B024AD400CC798B /* Products */ = {
			isa = PBXGroup;
			children = (
				5551CA182B024AD400CC798B /* MVCSample.app */,
			);
			name = Products;
			sourceTree = "<group>";
		};
		5551CA1A2B024AD400CC798B /* MVCSample */ = {
			isa = PBXGroup;
			children = (
				557D13092B0CE96E00165BA5 /* Model */,
				557D13022B0CE30100165BA5 /* Network */,
				5551CA1B2B024AD400CC798B /* AppDelegate.swift */,
				5551CA1D2B024AD400CC798B /* SceneDelegate.swift */,
				5551CA1F2B024AD400CC798B /* ViewController.swift */,
				5551CA2F2B025A4B00CC798B /* ViewPresenter.swift */,
				5551CA212B024AD400CC798B /* Main.storyboard */,
				5551CA242B024AD400CC798B /* Assets.xcassets */,
				5551CA262B024AD400CC798B /* LaunchScreen.storyboard */,
				5551CA292B024AD400CC798B /* Info.plist */,
				5551CA312B02757300CC798B /* LoadingOverLayView.swift */,
			);
			path = MVCSample;
			sourceTree = "<group>";
		};
		557D13022B0CE30100165BA5 /* Network */ = {
			isa = PBXGroup;
			children = (
				557D13032B0CE30100165BA5 /* GenericApi.swift */,
				557D13042B0CE30100165BA5 /* ApiError.swift */,
				557D13072B0CE90A00165BA5 /* Client.swift */,
				557D130C2B0CEC4B00165BA5 /* BinOrgApi.swift */,
			);
			path = Network;
			sourceTree = "<group>";
		};
		557D13092B0CE96E00165BA5 /* Model */ = {
			isa = PBXGroup;
			children = (
				557D130A2B0CEA7900165BA5 /* BinOrgModel.swift */,
			);
			path = Model;
			sourceTree = "<group>";
		};
/* End PBXGroup section */

/* Begin PBXNativeTarget section */
		5551CA172B024AD400CC798B /* MVCSample */ = {
			isa = PBXNativeTarget;
			buildConfigurationList = 5551CA2C2B024AD400CC798B /* Build configuration list for PBXNativeTarget "MVCSample" */;
			buildPhases = (
				5551CA142B024AD400CC798B /* Sources */,
				5551CA152B024AD400CC798B /* Frameworks */,
				5551CA162B024AD400CC798B /* Resources */,
			);
			buildRules = (
			);
			dependencies = (
			);
			name = MVCSample;
			productName = MVCSample;
			productReference = 5551CA182B024AD400CC798B /* MVCSample.app */;
			productType = "com.apple.product-type.application";
		};
/* End PBXNativeTarget section */

/* Begin PBXProject section */
		5551CA102B024AD400CC798B /* Project object */ = {
			isa = PBXProject;
			attributes = {
				BuildIndependentTargetsInParallel = 1;
				LastSwiftUpdateCheck = 1500;
				LastUpgradeCheck = 1500;
				TargetAttributes = {
					5551CA172B024AD400CC798B = {
						CreatedOnToolsVersion = 15.0;
					};
				};
			};
			buildConfigurationList = 5551CA132B024AD400CC798B /* Build configuration list for PBXProject "MVCSample" */;
			compatibilityVersion = "Xcode 14.0";
			developmentRegion = en;
			hasScannedForEncodings = 0;
			knownRegions = (
				en,
				Base,
			);
			mainGroup = 5551CA0F2B024AD400CC798B;
			productRefGroup = 5551CA192B024AD400CC798B /* Products */;
			projectDirPath = "";
			projectRoot = "";
			targets = (
				5551CA172B024AD400CC798B /* MVCSample */,
			);
		};
/* End PBXProject section */

/* Begin PBXResourcesBuildPhase section */
		5551CA162B024AD400CC798B /* Resources */ = {
			isa = PBXResourcesBuildPhase;
			buildActionMask = 2147483647;
			files = (
				5551CA282B024AD400CC798B /* LaunchScreen.storyboard in Resources */,
				5551CA252B024AD400CC798B /* Assets.xcassets in Resources */,
				5551CA232B024AD400CC798B /* Main.storyboard in Resources */,
			);
			runOnlyForDeploymentPostprocessing = 0;
		};
/* End PBXResourcesBuildPhase section */

/* Begin PBXSourcesBuildPhase section */
		5551CA142B024AD400CC798B /* Sources */ = {
			isa = PBXSourcesBuildPhase;
			buildActionMask = 2147483647;
			files = (
				5551CA202B024AD400CC798B /* ViewController.swift in Sources */,
				5551CA302B025A4B00CC798B /* ViewPresenter.swift in Sources */,
				557D13052B0CE30100165BA5 /* GenericApi.swift in Sources */,
				5551CA1C2B024AD400CC798B /* AppDelegate.swift in Sources */,
				557D130B2B0CEA7900165BA5 /* BinOrgModel.swift in Sources */,
				557D130D2B0CEC4B00165BA5 /* BinOrgApi.swift in Sources */,
				5551CA322B02757300CC798B /* LoadingOverLayView.swift in Sources */,
				557D13062B0CE30100165BA5 /* ApiError.swift in Sources */,
				557D13082B0CE90A00165BA5 /* Client.swift in Sources */,
				5551CA1E2B024AD400CC798B /* SceneDelegate.swift in Sources */,
			);
			runOnlyForDeploymentPostprocessing = 0;
		};
/* End PBXSourcesBuildPhase section */

/* Begin PBXVariantGroup section */
		5551CA212B024AD400CC798B /* Main.storyboard */ = {
			isa = PBXVariantGroup;
			children = (
				5551CA222B024AD400CC798B /* Base */,
			);
			name = Main.storyboard;
			sourceTree = "<group>";
		};
		5551CA262B024AD400CC798B /* LaunchScreen.storyboard */ = {
			isa = PBXVariantGroup;
			children = (
				5551CA272B024AD400CC798B /* Base */,
			);
			name = LaunchScreen.storyboard;
			sourceTree = "<group>";
		};
/* End PBXVariantGroup section */

/* Begin XCBuildConfiguration section */
		5551CA2A2B024AD400CC798B /* Debug */ = {
			isa = XCBuildConfiguration;
			buildSettings = {
				ALWAYS_SEARCH_USER_PATHS = NO;
				ASSETCATALOG_COMPILER_GENERATE_SWIFT_ASSET_SYMBOL_EXTENSIONS = YES;
				CLANG_ANALYZER_NONNULL = YES;
				CLANG_ANALYZER_NUMBER_OBJECT_CONVERSION = YES_AGGRESSIVE;
				CLANG_CXX_LANGUAGE_STANDARD = "gnu++20";
				CLANG_ENABLE_MODULES = YES;
				CLANG_ENABLE_OBJC_ARC = YES;
				CLANG_ENABLE_OBJC_WEAK = YES;
				CLANG_WARN_BLOCK_CAPTURE_AUTORELEASING = YES;
				CLANG_WARN_BOOL_CONVERSION = YES;
				CLANG_WARN_COMMA = YES;
				CLANG_WARN_CONSTANT_CONVERSION = YES;
				CLANG_WARN_DEPRECATED_OBJC_IMPLEMENTATIONS = YES;
				CLANG_WARN_DIRECT_OBJC_ISA_USAGE = YES_ERROR;
				CLANG_WARN_DOCUMENTATION_COMMENTS = YES;
				CLANG_WARN_EMPTY_BODY = YES;
				CLANG_WARN_ENUM_CONVERSION = YES;
				CLANG_WARN_INFINITE_RECURSION = YES;
				CLANG_WARN_INT_CONVERSION = YES;
				CLANG_WARN_NON_LITERAL_NULL_CONVERSION = YES;
				CLANG_WARN_OBJC_IMPLICIT_RETAIN_SELF = YES;
				CLANG_WARN_OBJC_LITERAL_CONVERSION = YES;
				CLANG_WARN_OBJC_ROOT_CLASS = YES_ERROR;
				CLANG_WARN_QUOTED_INCLUDE_IN_FRAMEWORK_HEADER = YES;
				CLANG_WARN_RANGE_LOOP_ANALYSIS = YES;
				CLANG_WARN_STRICT_PROTOTYPES = YES;
				CLANG_WARN_SUSPICIOUS_MOVE = YES;
				CLANG_WARN_UNGUARDED_AVAILABILITY = YES_AGGRESSIVE;
				CLANG_WARN_UNREACHABLE_CODE = YES;
				CLANG_WARN__DUPLICATE_METHOD_MATCH = YES;
				COPY_PHASE_STRIP = NO;
				DEBUG_INFORMATION_FORMAT = dwarf;
				ENABLE_STRICT_OBJC_MSGSEND = YES;
				ENABLE_TESTABILITY = YES;
				ENABLE_USER_SCRIPT_SANDBOXING = YES;
				GCC_C_LANGUAGE_STANDARD = gnu17;
				GCC_DYNAMIC_NO_PIC = NO;
				GCC_NO_COMMON_BLOCKS = YES;
				GCC_OPTIMIZATION_LEVEL = 0;
				GCC_PREPROCESSOR_DEFINITIONS = (
					"DEBUG=1",
					"$(inherited)",
				);
				GCC_WARN_64_TO_32_BIT_CONVERSION = YES;
				GCC_WARN_ABOUT_RETURN_TYPE = YES_ERROR;
				GCC_WARN_UNDECLARED_SELECTOR = YES;
				GCC_WARN_UNINITIALIZED_AUTOS = YES_AGGRESSIVE;
				GCC_WARN_UNUSED_FUNCTION = YES;
				GCC_WARN_UNUSED_VARIABLE = YES;
				IPHONEOS_DEPLOYMENT_TARGET = 17.0;
				LOCALIZATION_PREFERS_STRING_CATALOGS = YES;
				MTL_ENABLE_DEBUG_INFO = INCLUDE_SOURCE;
				MTL_FAST_MATH = YES;
				ONLY_ACTIVE_ARCH = YES;
				SDKROOT = iphoneos;
				SWIFT_ACTIVE_COMPILATION_CONDITIONS = "DEBUG $(inherited)";
				SWIFT_OPTIMIZATION_LEVEL = "-Onone";
			};
			name = Debug;
		};
		5551CA2B2B024AD400CC798B /* Release */ = {
			isa = XCBuildConfiguration;
			buildSettings = {
				ALWAYS_SEARCH_USER_PATHS = NO;
				ASSETCATALOG_COMPILER_GENERATE_SWIFT_ASSET_SYMBOL_EXTENSIONS = YES;
				CLANG_ANALYZER_NONNULL = YES;
				CLANG_ANALYZER_NUMBER_OBJECT_CONVERSION = YES_AGGRESSIVE;
				CLANG_CXX_LANGUAGE_STANDARD = "gnu++20";
				CLANG_ENABLE_MODULES = YES;
				CLANG_ENABLE_OBJC_ARC = YES;
				CLANG_ENABLE_OBJC_WEAK = YES;
				CLANG_WARN_BLOCK_CAPTURE_AUTORELEASING = YES;
				CLANG_WARN_BOOL_CONVERSION = YES;
				CLANG_WARN_COMMA = YES;
				CLANG_WARN_CONSTANT_CONVERSION = YES;
				CLANG_WARN_DEPRECATED_OBJC_IMPLEMENTATIONS = YES;
				CLANG_WARN_DIRECT_OBJC_ISA_USAGE = YES_ERROR;
				CLANG_WARN_DOCUMENTATION_COMMENTS = YES;
				CLANG_WARN_EMPTY_BODY = YES;
				CLANG_WARN_ENUM_CONVERSION = YES;
				CLANG_WARN_INFINITE_RECURSION = YES;
				CLANG_WARN_INT_CONVERSION = YES;
				CLANG_WARN_NON_LITERAL_NULL_CONVERSION = YES;
				CLANG_WARN_OBJC_IMPLICIT_RETAIN_SELF = YES;
				CLANG_WARN_OBJC_LITERAL_CONVERSION = YES;
				CLANG_WARN_OBJC_ROOT_CLASS = YES_ERROR;
				CLANG_WARN_QUOTED_INCLUDE_IN_FRAMEWORK_HEADER = YES;
				CLANG_WARN_RANGE_LOOP_ANALYSIS = YES;
				CLANG_WARN_STRICT_PROTOTYPES = YES;
				CLANG_WARN_SUSPICIOUS_MOVE = YES;
				CLANG_WARN_UNGUARDED_AVAILABILITY = YES_AGGRESSIVE;
				CLANG_WARN_UNREACHABLE_CODE = YES;
				CLANG_WARN__DUPLICATE_METHOD_MATCH = YES;
				COPY_PHASE_STRIP = NO;
				DEBUG_INFORMATION_FORMAT = "dwarf-with-dsym";
				ENABLE_NS_ASSERTIONS = NO;
				ENABLE_STRICT_OBJC_MSGSEND = YES;
				ENABLE_USER_SCRIPT_SANDBOXING = YES;
				GCC_C_LANGUAGE_STANDARD = gnu17;
				GCC_NO_COMMON_BLOCKS = YES;
				GCC_WARN_64_TO_32_BIT_CONVERSION = YES;
				GCC_WARN_ABOUT_RETURN_TYPE = YES_ERROR;
				GCC_WARN_UNDECLARED_SELECTOR = YES;
				GCC_WARN_UNINITIALIZED_AUTOS = YES_AGGRESSIVE;
				GCC_WARN_UNUSED_FUNCTION = YES;
				GCC_WARN_UNUSED_VARIABLE = YES;
				IPHONEOS_DEPLOYMENT_TARGET = 17.0;
				LOCALIZATION_PREFERS_STRING_CATALOGS = YES;
				MTL_ENABLE_DEBUG_INFO = NO;
				MTL_FAST_MATH = YES;
				SDKROOT = iphoneos;
				SWIFT_COMPILATION_MODE = wholemodule;
				VALIDATE_PRODUCT = YES;
			};
			name = Release;
		};
		5551CA2D2B024AD400CC798B /* Debug */ = {
			isa = XCBuildConfiguration;
			buildSettings = {
				ASSETCATALOG_COMPILER_APPICON_NAME = AppIcon;
				ASSETCATALOG_COMPILER_GLOBAL_ACCENT_COLOR_NAME = AccentColor;
				CODE_SIGN_STYLE = Automatic;
				CURRENT_PROJECT_VERSION = 1;
				DEVELOPMENT_TEAM = F6293WE93E;
				GENERATE_INFOPLIST_FILE = YES;
				INFOPLIST_FILE = MVCSample/Info.plist;
				INFOPLIST_KEY_UIApplicationSupportsIndirectInputEvents = YES;
				INFOPLIST_KEY_UILaunchStoryboardName = LaunchScreen;
				INFOPLIST_KEY_UIMainStoryboardFile = Main;
				INFOPLIST_KEY_UISupportedInterfaceOrientations_iPad = "UIInterfaceOrientationPortrait UIInterfaceOrientationPortraitUpsideDown UIInterfaceOrientationLandscapeLeft UIInterfaceOrientationLandscapeRight";
				INFOPLIST_KEY_UISupportedInterfaceOrientations_iPhone = "UIInterfaceOrientationPortrait UIInterfaceOrientationLandscapeLeft UIInterfaceOrientationLandscapeRight";
				IPHONEOS_DEPLOYMENT_TARGET = 17.0;
				LD_RUNPATH_SEARCH_PATHS = (
					"$(inherited)",
					"@executable_path/Frameworks",
				);
				MARKETING_VERSION = 1.0;
				PRODUCT_BUNDLE_IDENTIFIER = llc.xjigen.MVCSample;
				PRODUCT_NAME = "$(TARGET_NAME)";
				SWIFT_EMIT_LOC_STRINGS = YES;
				SWIFT_VERSION = 5.0;
				TARGETED_DEVICE_FAMILY = "1,2";
			};
			name = Debug;
		};
		5551CA2E2B024AD400CC798B /* Release */ = {
			isa = XCBuildConfiguration;
			buildSettings = {
				ASSETCATALOG_COMPILER_APPICON_NAME = AppIcon;
				ASSETCATALOG_COMPILER_GLOBAL_ACCENT_COLOR_NAME = AccentColor;
				CODE_SIGN_STYLE = Automatic;
				CURRENT_PROJECT_VERSION = 1;
				DEVELOPMENT_TEAM = F6293WE93E;
				GENERATE_INFOPLIST_FILE = YES;
				INFOPLIST_FILE = MVCSample/Info.plist;
				INFOPLIST_KEY_UIApplicationSupportsIndirectInputEvents = YES;
				INFOPLIST_KEY_UILaunchStoryboardName = LaunchScreen;
				INFOPLIST_KEY_UIMainStoryboardFile = Main;
				INFOPLIST_KEY_UISupportedInterfaceOrientations_iPad = "UIInterfaceOrientationPortrait UIInterfaceOrientationPortraitUpsideDown UIInterfaceOrientationLandscapeLeft UIInterfaceOrientationLandscapeRight";
				INFOPLIST_KEY_UISupportedInterfaceOrientations_iPhone = "UIInterfaceOrientationPortrait UIInterfaceOrientationLandscapeLeft UIInterfaceOrientationLandscapeRight";
				IPHONEOS_DEPLOYMENT_TARGET = 17.0;
				LD_RUNPATH_SEARCH_PATHS = (
					"$(inherited)",
					"@executable_path/Frameworks",
				);
				MARKETING_VERSION = 1.0;
				PRODUCT_BUNDLE_IDENTIFIER = llc.xjigen.MVCSample;
				PRODUCT_NAME = "$(TARGET_NAME)";
				SWIFT_EMIT_LOC_STRINGS = YES;
				SWIFT_VERSION = 5.0;
				TARGETED_DEVICE_FAMILY = "1,2";
			};
			name = Release;
		};
/* End XCBuildConfiguration section */

/* Begin XCConfigurationList section */
		5551CA132B024AD400CC798B /* Build configuration list for PBXProject "MVCSample" */ = {
			isa = XCConfigurationList;
			buildConfigurations = (
				5551CA2A2B024AD400CC798B /* Debug */,
				5551CA2B2B024AD400CC798B /* Release */,
			);
			defaultConfigurationIsVisible = 0;
			defaultConfigurationName = Release;
		};
		5551CA2C2B024AD400CC798B /* Build configuration list for PBXNativeTarget "MVCSample" */ = {
			isa = XCConfigurationList;
			buildConfigurations = (
				5551CA2D2B024AD400CC798B /* Debug */,
				5551CA2E2B024AD400CC798B /* Release */,
			);
			defaultConfigurationIsVisible = 0;
			defaultConfigurationName = Release;
		};
/* End XCConfigurationList section */
	};
	rootObject = 5551CA102B024AD400CC798B /* Project object */;
}
